
Microsoft Visual Studio Solution File, Format Version 12.00
# Visual Studio Version 16
VisualStudioVersion = 16.0.30503.244
MinimumVisualStudioVersion = 10.0.40219.1
Project("{9A19103F-16F7-4668-BE54-9A1E7A4F7556}") = "PP.Domain", "PP.Domain\PP.Domain.csproj", "{37AAC4F0-2A69-49D7-AAC4-C4A904243B02}"
EndProject
Project("{9A19103F-16F7-4668-BE54-9A1E7A4F7556}") = "PP.EntityFramework", "PP.EntityFramework\PP.EntityFramework.csproj", "{24107398-F5C3-46C2-BCCA-BED81451E8C9}"
EndProject
Project("{9A19103F-16F7-4668-BE54-9A1E7A4F7556}") = "PP.WPF", "PP.WPF\PP.WPF.csproj", "{507F4CA7-E765-4B32-9FAB-EE5478FB74DC}"
EndProject
Project("{FAE04EC0-301F-11D3-BF4B-00C04F79EFBC}") = "Core.Common.UI.WPF", "Core.Common.UI.WPF\Core.Common.UI.WPF.csproj", "{B1353F59-60C9-4A50-A9E5-68B75046886C}"
EndProject
Project("{9A19103F-16F7-4668-BE54-9A1E7A4F7556}") = "PP.Chronometer.WPF", "PP.Chronometer.WPF\PP.Chronometer.WPF.csproj", "{DCD16942-4FA3-472E-A9DA-923D6DE05224}"
EndProject
Global
	GlobalSection(SolutionConfigurationPlatforms) = preSolution
		Debug|Any CPU = Debug|Any CPU
		Release|Any CPU = Release|Any CPU
	EndGlobalSection
	GlobalSection(ProjectConfigurationPlatforms) = postSolution
		{37AAC4F0-2A69-49D7-AAC4-C4A904243B02}.Debug|Any CPU.ActiveCfg = Debug|Any CPU
		{37AAC4F0-2A69-49D7-AAC4-C4A904243B02}.Debug|Any CPU.Build.0 = Debug|Any CPU
		{37AAC4F0-2A69-49D7-AAC4-C4A904243B02}.Release|Any CPU.ActiveCfg = Release|Any CPU
		{37AAC4F0-2A69-49D7-AAC4-C4A904243B02}.Release|Any CPU.Build.0 = Release|Any CPU
		{24107398-F5C3-46C2-BCCA-BED81451E8C9}.Debug|Any CPU.ActiveCfg = Debug|Any CPU
		{24107398-F5C3-46C2-BCCA-BED81451E8C9}.Debug|Any CPU.Build.0 = Debug|Any CPU
		{24107398-F5C3-46C2-BCCA-BED81451E8C9}.Release|Any CPU.ActiveCfg = Release|Any CPU
		{24107398-F5C3-46C2-BCCA-BED81451E8C9}.Release|Any CPU.Build.0 = Release|Any CPU
		{507F4CA7-E765-4B32-9FAB-EE5478FB74DC}.Debug|Any CPU.ActiveCfg = Debug|Any CPU
		{507F4CA7-E765-4B32-9FAB-EE5478FB74DC}.Debug|Any CPU.Build.0 = Debug|Any CPU
		{507F4CA7-E765-4B32-9FAB-EE5478FB74DC}.Release|Any CPU.ActiveCfg = Release|Any CPU
		{507F4CA7-E765-4B32-9FAB-EE5478FB74DC}.Release|Any CPU.Build.0 = Release|Any CPU
		{B1353F59-60C9-4A50-A9E5-68B75046886C}.Debug|Any CPU.ActiveCfg = Debug|Any CPU
		{B1353F59-60C9-4A50-A9E5-68B75046886C}.Debug|Any CPU.Build.0 = Debug|Any CPU
		{B1353F59-60C9-4A50-A9E5-68B75046886C}.Release|Any CPU.ActiveCfg = Release|Any CPU
		{B1353F59-60C9-4A50-A9E5-68B75046886C}.Release|Any CPU.Build.0 = Release|Any CPU
		{DCD16942-4FA3-472E-A9DA-923D6DE05224}.Debug|Any CPU.ActiveCfg = Debug|Any CPU
		{DCD16942-4FA3-472E-A9DA-923D6DE05224}.Debug|Any CPU.Build.0 = Debug|Any CPU
		{DCD16942-4FA3-472E-A9DA-923D6DE05224}.Release|Any CPU.ActiveCfg = Release|Any CPU
		{DCD16942-4FA3-472E-A9DA-923D6DE05224}.Release|Any CPU.Build.0 = Release|Any CPU
	EndGlobalSection
	GlobalSection(SolutionProperties) = preSolution
		HideSolutionNode = FALSE
	EndGlobalSection
	GlobalSection(ExtensibilityGlobals) = postSolution
		SolutionGuid = {A6351CA5-1F9F-4A0D-BF68-A5F05F0E1907}
	EndGlobalSection
EndGlobal
